// !$*UTF8*$!
{
	archiveVersion = 1;
	classes = {
	};
	objectVersion = 55;
	objects = {

/* Begin PBXBuildFile section */
		9F42B74C27A0058D0032C012 /* AppDelegate.swift in Sources */ = {isa = PBXBuildFile; fileRef = 9F42B74B27A0058D0032C012 /* AppDelegate.swift */; };
		9F42B74E27A0058D0032C012 /* SceneDelegate.swift in Sources */ = {isa = PBXBuildFile; fileRef = 9F42B74D27A0058D0032C012 /* SceneDelegate.swift */; };
		9F42B75027A0058D0032C012 /* MainViewController.swift in Sources */ = {isa = PBXBuildFile; fileRef = 9F42B74F27A0058D0032C012 /* MainViewController.swift */; };
		9F42B75527A005900032C012 /* Assets.xcassets in Resources */ = {isa = PBXBuildFile; fileRef = 9F42B75427A005900032C012 /* Assets.xcassets */; };
		9F42B77C27A008910032C012 /* Coordinator.swift in Sources */ = {isa = PBXBuildFile; fileRef = 9F42B77B27A008910032C012 /* Coordinator.swift */; };
		9F42B77E27A008990032C012 /* AppCoordinator.swift in Sources */ = {isa = PBXBuildFile; fileRef = 9F42B77D27A008990032C012 /* AppCoordinator.swift */; };
		9F42B78127A009E30032C012 /* MainCoordinator.swift in Sources */ = {isa = PBXBuildFile; fileRef = 9F42B78027A009E30032C012 /* MainCoordinator.swift */; };
		9F42B78327A00AD20032C012 /* MainViewModel.swift in Sources */ = {isa = PBXBuildFile; fileRef = 9F42B78227A00AD20032C012 /* MainViewModel.swift */; };
		9F42B78927A00FCE0032C012 /* Reusable+Storyboard.swift in Sources */ = {isa = PBXBuildFile; fileRef = 9F42B78827A00FCE0032C012 /* Reusable+Storyboard.swift */; };
		9F42B78B27A0110D0032C012 /* Reusable.swift in Sources */ = {isa = PBXBuildFile; fileRef = 9F42B78A27A0110D0032C012 /* Reusable.swift */; };
		9F42B79727A012FF0032C012 /* LaunchScreen.storyboard in Resources */ = {isa = PBXBuildFile; fileRef = 9F42B79627A012FF0032C012 /* LaunchScreen.storyboard */; };
		9F42B79927A013D50032C012 /* Main.storyboard in Resources */ = {isa = PBXBuildFile; fileRef = 9F42B79827A013D50032C012 /* Main.storyboard */; };
		9F42B79B27A0182A0032C012 /* Game.storyboard in Resources */ = {isa = PBXBuildFile; fileRef = 9F42B79A27A0182A0032C012 /* Game.storyboard */; };
		9F42B79E27A01AE80032C012 /* Storyboard+App.swift in Sources */ = {isa = PBXBuildFile; fileRef = 9F42B79D27A01AE80032C012 /* Storyboard+App.swift */; };
		9F42B7A027A01BE50032C012 /* GameViewController.swift in Sources */ = {isa = PBXBuildFile; fileRef = 9F42B79F27A01BE50032C012 /* GameViewController.swift */; };
		9F42B7A227A01BF00032C012 /* GameContainer.swift in Sources */ = {isa = PBXBuildFile; fileRef = 9F42B7A127A01BF00032C012 /* GameContainer.swift */; };
		9F42B7A427A01BFD0032C012 /* GameViewModel.swift in Sources */ = {isa = PBXBuildFile; fileRef = 9F42B7A327A01BFD0032C012 /* GameViewModel.swift */; };
		9F42B7A627A01C5C0032C012 /* GameCoordinator.swift in Sources */ = {isa = PBXBuildFile; fileRef = 9F42B7A527A01C5C0032C012 /* GameCoordinator.swift */; };
		9F42B7AA27A032740032C012 /* SpotView.swift in Sources */ = {isa = PBXBuildFile; fileRef = 9F42B7A927A032740032C012 /* SpotView.swift */; };
		9F42B7AC27A0541F0032C012 /* Colors.swift in Sources */ = {isa = PBXBuildFile; fileRef = 9F42B7AB27A0541F0032C012 /* Colors.swift */; };
		9F9FC91B27A075F8007EC5A6 /* TileView.swift in Sources */ = {isa = PBXBuildFile; fileRef = 9F9FC91A27A075F8007EC5A6 /* TileView.swift */; };
		9F9FC91D27A0D3A0007EC5A6 /* Board.swift in Sources */ = {isa = PBXBuildFile; fileRef = 9F9FC91C27A0D3A0007EC5A6 /* Board.swift */; };
		9F9FC91F27A0D3F3007EC5A6 /* Player.swift in Sources */ = {isa = PBXBuildFile; fileRef = 9F9FC91E27A0D3F3007EC5A6 /* Player.swift */; };
		9F9FC92127A0D415007EC5A6 /* Vector2Int.swift in Sources */ = {isa = PBXBuildFile; fileRef = 9F9FC92027A0D415007EC5A6 /* Vector2Int.swift */; };
		9F9FC92627A0D62D007EC5A6 /* SizeInt.swift in Sources */ = {isa = PBXBuildFile; fileRef = 9F9FC92527A0D62D007EC5A6 /* SizeInt.swift */; };
		9F9FC92827A0DE85007EC5A6 /* BoardTests.swift in Sources */ = {isa = PBXBuildFile; fileRef = 9F9FC92727A0DE85007EC5A6 /* BoardTests.swift */; };
		9F9FC92A27A16AD0007EC5A6 /* ScoreView.xib in Resources */ = {isa = PBXBuildFile; fileRef = 9F9FC92927A16AD0007EC5A6 /* ScoreView.xib */; };
		9F9FC92C27A16AD8007EC5A6 /* ScoreView.swift in Sources */ = {isa = PBXBuildFile; fileRef = 9F9FC92B27A16AD8007EC5A6 /* ScoreView.swift */; };
		9F9FC92F27A17CDD007EC5A6 /* ScoreViewModel.swift in Sources */ = {isa = PBXBuildFile; fileRef = 9F9FC92E27A17CDD007EC5A6 /* ScoreViewModel.swift */; };
		9F9FC93127A18492007EC5A6 /* GameConfiguration.swift in Sources */ = {isa = PBXBuildFile; fileRef = 9F9FC93027A18492007EC5A6 /* GameConfiguration.swift */; };
		9F9FC93327A186D1007EC5A6 /* UserDefaultsScoreStorage.swift in Sources */ = {isa = PBXBuildFile; fileRef = 9F9FC93227A186D1007EC5A6 /* UserDefaultsScoreStorage.swift */; };
		9F9FC93527A18A6D007EC5A6 /* GameConfigurationTests.swift in Sources */ = {isa = PBXBuildFile; fileRef = 9F9FC93427A18A6C007EC5A6 /* GameConfigurationTests.swift */; };
		9F9FC93727A18BE5007EC5A6 /* PlayerTests.swift in Sources */ = {isa = PBXBuildFile; fileRef = 9F9FC93627A18BE5007EC5A6 /* PlayerTests.swift */; };
		9F9FC93B27A19F81007EC5A6 /* Fonts.swift in Sources */ = {isa = PBXBuildFile; fileRef = 9F9FC93A27A19F81007EC5A6 /* Fonts.swift */; };
		9F9FC93D27A1A111007EC5A6 /* AvertaPE-Regular.otf in Resources */ = {isa = PBXBuildFile; fileRef = 9F9FC93C27A1A111007EC5A6 /* AvertaPE-Regular.otf */; };
		9F9FC93F27A1A155007EC5A6 /* AvertaPE-Semibold.otf in Resources */ = {isa = PBXBuildFile; fileRef = 9F9FC93E27A1A155007EC5A6 /* AvertaPE-Semibold.otf */; };
		9F9FC94127A1AD72007EC5A6 /* README.md in Resources */ = {isa = PBXBuildFile; fileRef = 9F9FC94027A1AD72007EC5A6 /* README.md */; };
		9F9FC94327A1B40E007EC5A6 /* MainButton.swift in Sources */ = {isa = PBXBuildFile; fileRef = 9F9FC94227A1B40E007EC5A6 /* MainButton.swift */; };
		9F9FC94527A1B415007EC5A6 /* MainButton.xib in Resources */ = {isa = PBXBuildFile; fileRef = 9F9FC94427A1B415007EC5A6 /* MainButton.xib */; };
		9F9FC94827A1C95A007EC5A6 /* ScoreViewModelTests.swift in Sources */ = {isa = PBXBuildFile; fileRef = 9F9FC94727A1C95A007EC5A6 /* ScoreViewModelTests.swift */; };
		9F9FC94B27A1CCD3007EC5A6 /* ScoreStorage.swift in Sources */ = {isa = PBXBuildFile; fileRef = 9F9FC94A27A1CCD3007EC5A6 /* ScoreStorage.swift */; };
/* End PBXBuildFile section */

/* Begin PBXContainerItemProxy section */
		9F42B75F27A005900032C012 /* PBXContainerItemProxy */ = {
			isa = PBXContainerItemProxy;
			containerPortal = 9F42B74027A0058D0032C012 /* Project object */;
			proxyType = 1;
			remoteGlobalIDString = 9F42B74727A0058D0032C012;
			remoteInfo = ConnectFour;
		};
/* End PBXContainerItemProxy section */

/* Begin PBXFileReference section */
		9F42B74827A0058D0032C012 /* ConnectFour.app */ = {isa = PBXFileReference; explicitFileType = wrapper.application; includeInIndex = 0; path = ConnectFour.app; sourceTree = BUILT_PRODUCTS_DIR; };
		9F42B74B27A0058D0032C012 /* AppDelegate.swift */ = {isa = PBXFileReference; lastKnownFileType = sourcecode.swift; path = AppDelegate.swift; sourceTree = "<group>"; };
		9F42B74D27A0058D0032C012 /* SceneDelegate.swift */ = {isa = PBXFileReference; lastKnownFileType = sourcecode.swift; path = SceneDelegate.swift; sourceTree = "<group>"; };
		9F42B74F27A0058D0032C012 /* MainViewController.swift */ = {isa = PBXFileReference; lastKnownFileType = sourcecode.swift; path = MainViewController.swift; sourceTree = "<group>"; };
		9F42B75427A005900032C012 /* Assets.xcassets */ = {isa = PBXFileReference; lastKnownFileType = folder.assetcatalog; path = Assets.xcassets; sourceTree = "<group>"; };
		9F42B75927A005900032C012 /* Info.plist */ = {isa = PBXFileReference; lastKnownFileType = text.plist.xml; path = Info.plist; sourceTree = "<group>"; };
		9F42B75E27A005900032C012 /* ConnectFourTests.xctest */ = {isa = PBXFileReference; explicitFileType = wrapper.cfbundle; includeInIndex = 0; path = ConnectFourTests.xctest; sourceTree = BUILT_PRODUCTS_DIR; };
		9F42B77B27A008910032C012 /* Coordinator.swift */ = {isa = PBXFileReference; lastKnownFileType = sourcecode.swift; path = Coordinator.swift; sourceTree = "<group>"; };
		9F42B77D27A008990032C012 /* AppCoordinator.swift */ = {isa = PBXFileReference; lastKnownFileType = sourcecode.swift; path = AppCoordinator.swift; sourceTree = "<group>"; };
		9F42B78027A009E30032C012 /* MainCoordinator.swift */ = {isa = PBXFileReference; lastKnownFileType = sourcecode.swift; path = MainCoordinator.swift; sourceTree = "<group>"; };
		9F42B78227A00AD20032C012 /* MainViewModel.swift */ = {isa = PBXFileReference; lastKnownFileType = sourcecode.swift; path = MainViewModel.swift; sourceTree = "<group>"; };
		9F42B78827A00FCE0032C012 /* Reusable+Storyboard.swift */ = {isa = PBXFileReference; lastKnownFileType = sourcecode.swift; path = "Reusable+Storyboard.swift"; sourceTree = "<group>"; };
		9F42B78A27A0110D0032C012 /* Reusable.swift */ = {isa = PBXFileReference; lastKnownFileType = sourcecode.swift; path = Reusable.swift; sourceTree = "<group>"; };
		9F42B79627A012FF0032C012 /* LaunchScreen.storyboard */ = {isa = PBXFileReference; lastKnownFileType = file.storyboard; path = LaunchScreen.storyboard; sourceTree = "<group>"; };
		9F42B79827A013D50032C012 /* Main.storyboard */ = {isa = PBXFileReference; lastKnownFileType = file.storyboard; path = Main.storyboard; sourceTree = "<group>"; };
		9F42B79A27A0182A0032C012 /* Game.storyboard */ = {isa = PBXFileReference; lastKnownFileType = file.storyboard; path = Game.storyboard; sourceTree = "<group>"; };
		9F42B79D27A01AE80032C012 /* Storyboard+App.swift */ = {isa = PBXFileReference; lastKnownFileType = sourcecode.swift; path = "Storyboard+App.swift"; sourceTree = "<group>"; };
		9F42B79F27A01BE50032C012 /* GameViewController.swift */ = {isa = PBXFileReference; lastKnownFileType = sourcecode.swift; path = GameViewController.swift; sourceTree = "<group>"; };
		9F42B7A127A01BF00032C012 /* GameContainer.swift */ = {isa = PBXFileReference; lastKnownFileType = sourcecode.swift; path = GameContainer.swift; sourceTree = "<group>"; };
		9F42B7A327A01BFD0032C012 /* GameViewModel.swift */ = {isa = PBXFileReference; lastKnownFileType = sourcecode.swift; path = GameViewModel.swift; sourceTree = "<group>"; };
		9F42B7A527A01C5C0032C012 /* GameCoordinator.swift */ = {isa = PBXFileReference; lastKnownFileType = sourcecode.swift; path = GameCoordinator.swift; sourceTree = "<group>"; };
		9F42B7A927A032740032C012 /* SpotView.swift */ = {isa = PBXFileReference; lastKnownFileType = sourcecode.swift; path = SpotView.swift; sourceTree = "<group>"; };
		9F42B7AB27A0541F0032C012 /* Colors.swift */ = {isa = PBXFileReference; lastKnownFileType = sourcecode.swift; path = Colors.swift; sourceTree = "<group>"; };
		9F9FC91A27A075F8007EC5A6 /* TileView.swift */ = {isa = PBXFileReference; lastKnownFileType = sourcecode.swift; path = TileView.swift; sourceTree = "<group>"; };
		9F9FC91C27A0D3A0007EC5A6 /* Board.swift */ = {isa = PBXFileReference; lastKnownFileType = sourcecode.swift; path = Board.swift; sourceTree = "<group>"; };
		9F9FC91E27A0D3F3007EC5A6 /* Player.swift */ = {isa = PBXFileReference; lastKnownFileType = sourcecode.swift; path = Player.swift; sourceTree = "<group>"; };
		9F9FC92027A0D415007EC5A6 /* Vector2Int.swift */ = {isa = PBXFileReference; lastKnownFileType = sourcecode.swift; path = Vector2Int.swift; sourceTree = "<group>"; };
		9F9FC92527A0D62D007EC5A6 /* SizeInt.swift */ = {isa = PBXFileReference; lastKnownFileType = sourcecode.swift; path = SizeInt.swift; sourceTree = "<group>"; };
		9F9FC92727A0DE85007EC5A6 /* BoardTests.swift */ = {isa = PBXFileReference; lastKnownFileType = sourcecode.swift; path = BoardTests.swift; sourceTree = "<group>"; };
		9F9FC92927A16AD0007EC5A6 /* ScoreView.xib */ = {isa = PBXFileReference; lastKnownFileType = file.xib; path = ScoreView.xib; sourceTree = "<group>"; };
		9F9FC92B27A16AD8007EC5A6 /* ScoreView.swift */ = {isa = PBXFileReference; lastKnownFileType = sourcecode.swift; path = ScoreView.swift; sourceTree = "<group>"; };
		9F9FC92E27A17CDD007EC5A6 /* ScoreViewModel.swift */ = {isa = PBXFileReference; lastKnownFileType = sourcecode.swift; path = ScoreViewModel.swift; sourceTree = "<group>"; };
		9F9FC93027A18492007EC5A6 /* GameConfiguration.swift */ = {isa = PBXFileReference; lastKnownFileType = sourcecode.swift; path = GameConfiguration.swift; sourceTree = "<group>"; };
		9F9FC93227A186D1007EC5A6 /* UserDefaultsScoreStorage.swift */ = {isa = PBXFileReference; lastKnownFileType = sourcecode.swift; path = UserDefaultsScoreStorage.swift; sourceTree = "<group>"; };
		9F9FC93427A18A6C007EC5A6 /* GameConfigurationTests.swift */ = {isa = PBXFileReference; lastKnownFileType = sourcecode.swift; path = GameConfigurationTests.swift; sourceTree = "<group>"; };
		9F9FC93627A18BE5007EC5A6 /* PlayerTests.swift */ = {isa = PBXFileReference; lastKnownFileType = sourcecode.swift; path = PlayerTests.swift; sourceTree = "<group>"; };
		9F9FC93A27A19F81007EC5A6 /* Fonts.swift */ = {isa = PBXFileReference; lastKnownFileType = sourcecode.swift; path = Fonts.swift; sourceTree = "<group>"; };
		9F9FC93C27A1A111007EC5A6 /* AvertaPE-Regular.otf */ = {isa = PBXFileReference; lastKnownFileType = file; path = "AvertaPE-Regular.otf"; sourceTree = "<group>"; };
		9F9FC93E27A1A155007EC5A6 /* AvertaPE-Semibold.otf */ = {isa = PBXFileReference; lastKnownFileType = file; path = "AvertaPE-Semibold.otf"; sourceTree = "<group>"; };
		9F9FC94027A1AD72007EC5A6 /* README.md */ = {isa = PBXFileReference; fileEncoding = 4; lastKnownFileType = net.daringfireball.markdown; path = README.md; sourceTree = "<group>"; };
		9F9FC94227A1B40E007EC5A6 /* MainButton.swift */ = {isa = PBXFileReference; lastKnownFileType = sourcecode.swift; path = MainButton.swift; sourceTree = "<group>"; };
		9F9FC94427A1B415007EC5A6 /* MainButton.xib */ = {isa = PBXFileReference; lastKnownFileType = file.xib; path = MainButton.xib; sourceTree = "<group>"; };
		9F9FC94727A1C95A007EC5A6 /* ScoreViewModelTests.swift */ = {isa = PBXFileReference; lastKnownFileType = sourcecode.swift; path = ScoreViewModelTests.swift; sourceTree = "<group>"; };
		9F9FC94A27A1CCD3007EC5A6 /* ScoreStorage.swift */ = {isa = PBXFileReference; lastKnownFileType = sourcecode.swift; path = ScoreStorage.swift; sourceTree = "<group>"; };
/* End PBXFileReference section */

/* Begin PBXFrameworksBuildPhase section */
		9F42B74527A0058D0032C012 /* Frameworks */ = {
			isa = PBXFrameworksBuildPhase;
			buildActionMask = 2147483647;
			files = (
			);
			runOnlyForDeploymentPostprocessing = 0;
		};
		9F42B75B27A005900032C012 /* Frameworks */ = {
			isa = PBXFrameworksBuildPhase;
			buildActionMask = 2147483647;
			files = (
			);
			runOnlyForDeploymentPostprocessing = 0;
		};
/* End PBXFrameworksBuildPhase section */

/* Begin PBXGroup section */
		9F42B73F27A0058D0032C012 = {
			isa = PBXGroup;
			children = (
				9F9FC94027A1AD72007EC5A6 /* README.md */,
				9F42B74A27A0058D0032C012 /* ConnectFour */,
				9F42B76127A005900032C012 /* ConnectFourTests */,
				9F42B74927A0058D0032C012 /* Products */,
			);
			sourceTree = "<group>";
		};
		9F42B74927A0058D0032C012 /* Products */ = {
			isa = PBXGroup;
			children = (
				9F42B74827A0058D0032C012 /* ConnectFour.app */,
				9F42B75E27A005900032C012 /* ConnectFourTests.xctest */,
			);
			name = Products;
			sourceTree = "<group>";
		};
		9F42B74A27A0058D0032C012 /* ConnectFour */ = {
			isa = PBXGroup;
			children = (
				9F42B75927A005900032C012 /* Info.plist */,
				9F42B78C27A012640032C012 /* App */,
				9F42B78D27A012800032C012 /* Modules */,
				9F42B78727A00D2A0032C012 /* Resources */,
			);
			path = ConnectFour;
			sourceTree = "<group>";
		};
		9F42B76127A005900032C012 /* ConnectFourTests */ = {
			isa = PBXGroup;
			children = (
				9F9FC92727A0DE85007EC5A6 /* BoardTests.swift */,
				9F9FC93627A18BE5007EC5A6 /* PlayerTests.swift */,
				9F9FC93427A18A6C007EC5A6 /* GameConfigurationTests.swift */,
				9F9FC94727A1C95A007EC5A6 /* ScoreViewModelTests.swift */,
			);
			path = ConnectFourTests;
			sourceTree = "<group>";
		};
		9F42B78427A00BDB0032C012 /* Main */ = {
			isa = PBXGroup;
			children = (
				9F42B79827A013D50032C012 /* Main.storyboard */,
				9F42B78027A009E30032C012 /* MainCoordinator.swift */,
				9F42B74F27A0058D0032C012 /* MainViewController.swift */,
				9F42B78227A00AD20032C012 /* MainViewModel.swift */,
			);
			path = Main;
			sourceTree = "<group>";
		};
		9F42B78727A00D2A0032C012 /* Resources */ = {
			isa = PBXGroup;
			children = (
				9F42B75427A005900032C012 /* Assets.xcassets */,
				9F42B79627A012FF0032C012 /* LaunchScreen.storyboard */,
				9F9FC94C27A2095E007EC5A6 /* Fonts */,
			);
			path = Resources;
			sourceTree = "<group>";
		};
		9F42B78C27A012640032C012 /* App */ = {
			isa = PBXGroup;
			children = (
				9F42B74B27A0058D0032C012 /* AppDelegate.swift */,
				9F42B74D27A0058D0032C012 /* SceneDelegate.swift */,
				9F42B77D27A008990032C012 /* AppCoordinator.swift */,
			);
			path = App;
			sourceTree = "<group>";
		};
		9F42B78D27A012800032C012 /* Modules */ = {
			isa = PBXGroup;
			children = (
				9F42B78427A00BDB0032C012 /* Main */,
				9F42B79C27A01AB70032C012 /* Game */,
				9F9FC92427A0D4BB007EC5A6 /* Utils */,
				9F9FC92327A0D4A3007EC5A6 /* Constants */,
				9F9FC92227A0D426007EC5A6 /* Entities */,
				9F42B78E27A012990032C012 /* Common */,
			);
			path = Modules;
			sourceTree = "<group>";
		};
		9F42B78E27A012990032C012 /* Common */ = {
			isa = PBXGroup;
			children = (
				9F42B78A27A0110D0032C012 /* Reusable.swift */,
				9F42B77B27A008910032C012 /* Coordinator.swift */,
				9F42B79D27A01AE80032C012 /* Storyboard+App.swift */,
				9F42B78827A00FCE0032C012 /* Reusable+Storyboard.swift */,
			);
			path = Common;
			sourceTree = "<group>";
		};
		9F42B79C27A01AB70032C012 /* Game */ = {
			isa = PBXGroup;
			children = (
				9F42B79A27A0182A0032C012 /* Game.storyboard */,
				9F42B7A527A01C5C0032C012 /* GameCoordinator.swift */,
				9F42B79F27A01BE50032C012 /* GameViewController.swift */,
				9F42B7A327A01BFD0032C012 /* GameViewModel.swift */,
				9F42B7A127A01BF00032C012 /* GameContainer.swift */,
				9F42B7A927A032740032C012 /* SpotView.swift */,
				9F9FC91A27A075F8007EC5A6 /* TileView.swift */,
				9F9FC92D27A17CCC007EC5A6 /* ScoreView */,
				9F9FC94627A1B419007EC5A6 /* MainButton */,
				9F9FC94927A1CCC9007EC5A6 /* ScoreStorage */,
			);
			path = Game;
			sourceTree = "<group>";
		};
		9F9FC92227A0D426007EC5A6 /* Entities */ = {
			isa = PBXGroup;
			children = (
				9F9FC91C27A0D3A0007EC5A6 /* Board.swift */,
				9F9FC91E27A0D3F3007EC5A6 /* Player.swift */,
				9F9FC93027A18492007EC5A6 /* GameConfiguration.swift */,
			);
			path = Entities;
			sourceTree = "<group>";
		};
		9F9FC92327A0D4A3007EC5A6 /* Constants */ = {
			isa = PBXGroup;
			children = (
				9F42B7AB27A0541F0032C012 /* Colors.swift */,
				9F9FC93A27A19F81007EC5A6 /* Fonts.swift */,
			);
			path = Constants;
			sourceTree = "<group>";
		};
		9F9FC92427A0D4BB007EC5A6 /* Utils */ = {
			isa = PBXGroup;
			children = (
				9F9FC92027A0D415007EC5A6 /* Vector2Int.swift */,
				9F9FC92527A0D62D007EC5A6 /* SizeInt.swift */,
			);
			path = Utils;
			sourceTree = "<group>";
		};
		9F9FC92D27A17CCC007EC5A6 /* ScoreView */ = {
			isa = PBXGroup;
			children = (
				9F9FC92927A16AD0007EC5A6 /* ScoreView.xib */,
				9F9FC92B27A16AD8007EC5A6 /* ScoreView.swift */,
				9F9FC92E27A17CDD007EC5A6 /* ScoreViewModel.swift */,
			);
			path = ScoreView;
			sourceTree = "<group>";
		};
		9F9FC94627A1B419007EC5A6 /* MainButton */ = {
			isa = PBXGroup;
			children = (
				9F9FC94427A1B415007EC5A6 /* MainButton.xib */,
				9F9FC94227A1B40E007EC5A6 /* MainButton.swift */,
			);
			path = MainButton;
			sourceTree = "<group>";
		};
		9F9FC94927A1CCC9007EC5A6 /* ScoreStorage */ = {
			isa = PBXGroup;
			children = (
				9F9FC94A27A1CCD3007EC5A6 /* ScoreStorage.swift */,
				9F9FC93227A186D1007EC5A6 /* UserDefaultsScoreStorage.swift */,
			);
			path = ScoreStorage;
			sourceTree = "<group>";
		};
		9F9FC94C27A2095E007EC5A6 /* Fonts */ = {
			isa = PBXGroup;
			children = (
				9F9FC93C27A1A111007EC5A6 /* AvertaPE-Regular.otf */,
				9F9FC93E27A1A155007EC5A6 /* AvertaPE-Semibold.otf */,
			);
			path = Fonts;
			sourceTree = "<group>";
		};
/* End PBXGroup section */

/* Begin PBXNativeTarget section */
		9F42B74727A0058D0032C012 /* ConnectFour */ = {
			isa = PBXNativeTarget;
			buildConfigurationList = 9F42B77227A005900032C012 /* Build configuration list for PBXNativeTarget "ConnectFour" */;
			buildPhases = (
				9F42B74427A0058D0032C012 /* Sources */,
				9F42B74527A0058D0032C012 /* Frameworks */,
				9F42B74627A0058D0032C012 /* Resources */,
			);
			buildRules = (
			);
			dependencies = (
			);
			name = ConnectFour;
			productName = ConnectFour;
			productReference = 9F42B74827A0058D0032C012 /* ConnectFour.app */;
			productType = "com.apple.product-type.application";
		};
		9F42B75D27A005900032C012 /* ConnectFourTests */ = {
			isa = PBXNativeTarget;
			buildConfigurationList = 9F42B77527A005900032C012 /* Build configuration list for PBXNativeTarget "ConnectFourTests" */;
			buildPhases = (
				9F42B75A27A005900032C012 /* Sources */,
				9F42B75B27A005900032C012 /* Frameworks */,
				9F42B75C27A005900032C012 /* Resources */,
			);
			buildRules = (
			);
			dependencies = (
				9F42B76027A005900032C012 /* PBXTargetDependency */,
			);
			name = ConnectFourTests;
			productName = ConnectFourTests;
			productReference = 9F42B75E27A005900032C012 /* ConnectFourTests.xctest */;
			productType = "com.apple.product-type.bundle.unit-test";
		};
/* End PBXNativeTarget section */

/* Begin PBXProject section */
		9F42B74027A0058D0032C012 /* Project object */ = {
			isa = PBXProject;
			attributes = {
				BuildIndependentTargetsInParallel = 1;
				LastSwiftUpdateCheck = 1320;
				LastUpgradeCheck = 1320;
				TargetAttributes = {
					9F42B74727A0058D0032C012 = {
						CreatedOnToolsVersion = 13.2.1;
					};
					9F42B75D27A005900032C012 = {
						CreatedOnToolsVersion = 13.2.1;
						TestTargetID = 9F42B74727A0058D0032C012;
					};
				};
			};
			buildConfigurationList = 9F42B74327A0058D0032C012 /* Build configuration list for PBXProject "ConnectFour" */;
			compatibilityVersion = "Xcode 13.0";
			developmentRegion = en;
			hasScannedForEncodings = 0;
			knownRegions = (
				en,
				Base,
			);
			mainGroup = 9F42B73F27A0058D0032C012;
			productRefGroup = 9F42B74927A0058D0032C012 /* Products */;
			projectDirPath = "";
			projectRoot = "";
			targets = (
				9F42B74727A0058D0032C012 /* ConnectFour */,
				9F42B75D27A005900032C012 /* ConnectFourTests */,
			);
		};
/* End PBXProject section */

/* Begin PBXResourcesBuildPhase section */
		9F42B74627A0058D0032C012 /* Resources */ = {
			isa = PBXResourcesBuildPhase;
			buildActionMask = 2147483647;
			files = (
				9F9FC93F27A1A155007EC5A6 /* AvertaPE-Semibold.otf in Resources */,
				9F42B79727A012FF0032C012 /* LaunchScreen.storyboard in Resources */,
				9F9FC93D27A1A111007EC5A6 /* AvertaPE-Regular.otf in Resources */,
				9F9FC92A27A16AD0007EC5A6 /* ScoreView.xib in Resources */,
				9F9FC94527A1B415007EC5A6 /* MainButton.xib in Resources */,
				9F42B75527A005900032C012 /* Assets.xcassets in Resources */,
				9F9FC94127A1AD72007EC5A6 /* README.md in Resources */,
				9F42B79B27A0182A0032C012 /* Game.storyboard in Resources */,
				9F42B79927A013D50032C012 /* Main.storyboard in Resources */,
			);
			runOnlyForDeploymentPostprocessing = 0;
		};
		9F42B75C27A005900032C012 /* Resources */ = {
			isa = PBXResourcesBuildPhase;
			buildActionMask = 2147483647;
			files = (
			);
			runOnlyForDeploymentPostprocessing = 0;
		};
/* End PBXResourcesBuildPhase section */

/* Begin PBXSourcesBuildPhase section */
		9F42B74427A0058D0032C012 /* Sources */ = {
			isa = PBXSourcesBuildPhase;
			buildActionMask = 2147483647;
			files = (
				9F9FC92C27A16AD8007EC5A6 /* ScoreView.swift in Sources */,
				9F42B7A627A01C5C0032C012 /* GameCoordinator.swift in Sources */,
				9F42B7A227A01BF00032C012 /* GameContainer.swift in Sources */,
				9F42B77C27A008910032C012 /* Coordinator.swift in Sources */,
				9F42B7AC27A0541F0032C012 /* Colors.swift in Sources */,
				9F9FC91B27A075F8007EC5A6 /* TileView.swift in Sources */,
				9F42B78127A009E30032C012 /* MainCoordinator.swift in Sources */,
				9F42B75027A0058D0032C012 /* MainViewController.swift in Sources */,
				9F9FC94B27A1CCD3007EC5A6 /* ScoreStorage.swift in Sources */,
				9F42B77E27A008990032C012 /* AppCoordinator.swift in Sources */,
				9F9FC91F27A0D3F3007EC5A6 /* Player.swift in Sources */,
				9F42B7A027A01BE50032C012 /* GameViewController.swift in Sources */,
				9F42B7A427A01BFD0032C012 /* GameViewModel.swift in Sources */,
				9F9FC92127A0D415007EC5A6 /* Vector2Int.swift in Sources */,
				9F42B78B27A0110D0032C012 /* Reusable.swift in Sources */,
				9F42B74C27A0058D0032C012 /* AppDelegate.swift in Sources */,
				9F9FC92F27A17CDD007EC5A6 /* ScoreViewModel.swift in Sources */,
				9F9FC94327A1B40E007EC5A6 /* MainButton.swift in Sources */,
				9F9FC93327A186D1007EC5A6 /* UserDefaultsScoreStorage.swift in Sources */,
				9F42B7AA27A032740032C012 /* SpotView.swift in Sources */,
				9F42B79E27A01AE80032C012 /* Storyboard+App.swift in Sources */,
				9F9FC93127A18492007EC5A6 /* GameConfiguration.swift in Sources */,
				9F42B74E27A0058D0032C012 /* SceneDelegate.swift in Sources */,
				9F42B78327A00AD20032C012 /* MainViewModel.swift in Sources */,
				9F9FC91D27A0D3A0007EC5A6 /* Board.swift in Sources */,
				9F9FC92627A0D62D007EC5A6 /* SizeInt.swift in Sources */,
				9F9FC93B27A19F81007EC5A6 /* Fonts.swift in Sources */,
				9F42B78927A00FCE0032C012 /* Reusable+Storyboard.swift in Sources */,
			);
			runOnlyForDeploymentPostprocessing = 0;
		};
		9F42B75A27A005900032C012 /* Sources */ = {
			isa = PBXSourcesBuildPhase;
			buildActionMask = 2147483647;
			files = (
				9F9FC93727A18BE5007EC5A6 /* PlayerTests.swift in Sources */,
				9F9FC92827A0DE85007EC5A6 /* BoardTests.swift in Sources */,
				9F9FC93527A18A6D007EC5A6 /* GameConfigurationTests.swift in Sources */,
				9F9FC94827A1C95A007EC5A6 /* ScoreViewModelTests.swift in Sources */,
			);
			runOnlyForDeploymentPostprocessing = 0;
		};
/* End PBXSourcesBuildPhase section */

/* Begin PBXTargetDependency section */
		9F42B76027A005900032C012 /* PBXTargetDependency */ = {
			isa = PBXTargetDependency;
			target = 9F42B74727A0058D0032C012 /* ConnectFour */;
			targetProxy = 9F42B75F27A005900032C012 /* PBXContainerItemProxy */;
		};
/* End PBXTargetDependency section */

/* Begin XCBuildConfiguration section */
		9F42B77027A005900032C012 /* Debug */ = {
			isa = XCBuildConfiguration;
			buildSettings = {
				ALWAYS_SEARCH_USER_PATHS = NO;
				CLANG_ANALYZER_NONNULL = YES;
				CLANG_ANALYZER_NUMBER_OBJECT_CONVERSION = YES_AGGRESSIVE;
				CLANG_CXX_LANGUAGE_STANDARD = "gnu++17";
				CLANG_CXX_LIBRARY = "libc++";
				CLANG_ENABLE_MODULES = YES;
				CLANG_ENABLE_OBJC_ARC = YES;
				CLANG_ENABLE_OBJC_WEAK = YES;
				CLANG_WARN_BLOCK_CAPTURE_AUTORELEASING = YES;
				CLANG_WARN_BOOL_CONVERSION = YES;
				CLANG_WARN_COMMA = YES;
				CLANG_WARN_CONSTANT_CONVERSION = YES;
				CLANG_WARN_DEPRECATED_OBJC_IMPLEMENTATIONS = YES;
				CLANG_WARN_DIRECT_OBJC_ISA_USAGE = YES_ERROR;
				CLANG_WARN_DOCUMENTATION_COMMENTS = YES;
				CLANG_WARN_EMPTY_BODY = YES;
				CLANG_WARN_ENUM_CONVERSION = YES;
				CLANG_WARN_INFINITE_RECURSION = YES;
				CLANG_WARN_INT_CONVERSION = YES;
				CLANG_WARN_NON_LITERAL_NULL_CONVERSION = YES;
				CLANG_WARN_OBJC_IMPLICIT_RETAIN_SELF = YES;
				CLANG_WARN_OBJC_LITERAL_CONVERSION = YES;
				CLANG_WARN_OBJC_ROOT_CLASS = YES_ERROR;
				CLANG_WARN_QUOTED_INCLUDE_IN_FRAMEWORK_HEADER = YES;
				CLANG_WARN_RANGE_LOOP_ANALYSIS = YES;
				CLANG_WARN_STRICT_PROTOTYPES = YES;
				CLANG_WARN_SUSPICIOUS_MOVE = YES;
				CLANG_WARN_UNGUARDED_AVAILABILITY = YES_AGGRESSIVE;
				CLANG_WARN_UNREACHABLE_CODE = YES;
				CLANG_WARN__DUPLICATE_METHOD_MATCH = YES;
				COPY_PHASE_STRIP = NO;
				DEBUG_INFORMATION_FORMAT = dwarf;
				ENABLE_STRICT_OBJC_MSGSEND = YES;
				ENABLE_TESTABILITY = YES;
				GCC_C_LANGUAGE_STANDARD = gnu11;
				GCC_DYNAMIC_NO_PIC = NO;
				GCC_NO_COMMON_BLOCKS = YES;
				GCC_OPTIMIZATION_LEVEL = 0;
				GCC_PREPROCESSOR_DEFINITIONS = (
					"DEBUG=1",
					"$(inherited)",
				);
				GCC_WARN_64_TO_32_BIT_CONVERSION = YES;
				GCC_WARN_ABOUT_RETURN_TYPE = YES_ERROR;
				GCC_WARN_UNDECLARED_SELECTOR = YES;
				GCC_WARN_UNINITIALIZED_AUTOS = YES_AGGRESSIVE;
				GCC_WARN_UNUSED_FUNCTION = YES;
				GCC_WARN_UNUSED_VARIABLE = YES;
				IPHONEOS_DEPLOYMENT_TARGET = 13.0;
				MTL_ENABLE_DEBUG_INFO = INCLUDE_SOURCE;
				MTL_FAST_MATH = YES;
				ONLY_ACTIVE_ARCH = YES;
				SDKROOT = iphoneos;
				SWIFT_ACTIVE_COMPILATION_CONDITIONS = DEBUG;
				SWIFT_OPTIMIZATION_LEVEL = "-Onone";
			};
			name = Debug;
		};
		9F42B77127A005900032C012 /* Release */ = {
			isa = XCBuildConfiguration;
			buildSettings = {
				ALWAYS_SEARCH_USER_PATHS = NO;
				CLANG_ANALYZER_NONNULL = YES;
				CLANG_ANALYZER_NUMBER_OBJECT_CONVERSION = YES_AGGRESSIVE;
				CLANG_CXX_LANGUAGE_STANDARD = "gnu++17";
				CLANG_CXX_LIBRARY = "libc++";
				CLANG_ENABLE_MODULES = YES;
				CLANG_ENABLE_OBJC_ARC = YES;
				CLANG_ENABLE_OBJC_WEAK = YES;
				CLANG_WARN_BLOCK_CAPTURE_AUTORELEASING = YES;
				CLANG_WARN_BOOL_CONVERSION = YES;
				CLANG_WARN_COMMA = YES;
				CLANG_WARN_CONSTANT_CONVERSION = YES;
				CLANG_WARN_DEPRECATED_OBJC_IMPLEMENTATIONS = YES;
				CLANG_WARN_DIRECT_OBJC_ISA_USAGE = YES_ERROR;
				CLANG_WARN_DOCUMENTATION_COMMENTS = YES;
				CLANG_WARN_EMPTY_BODY = YES;
				CLANG_WARN_ENUM_CONVERSION = YES;
				CLANG_WARN_INFINITE_RECURSION = YES;
				CLANG_WARN_INT_CONVERSION = YES;
				CLANG_WARN_NON_LITERAL_NULL_CONVERSION = YES;
				CLANG_WARN_OBJC_IMPLICIT_RETAIN_SELF = YES;
				CLANG_WARN_OBJC_LITERAL_CONVERSION = YES;
				CLANG_WARN_OBJC_ROOT_CLASS = YES_ERROR;
				CLANG_WARN_QUOTED_INCLUDE_IN_FRAMEWORK_HEADER = YES;
				CLANG_WARN_RANGE_LOOP_ANALYSIS = YES;
				CLANG_WARN_STRICT_PROTOTYPES = YES;
				CLANG_WARN_SUSPICIOUS_MOVE = YES;
				CLANG_WARN_UNGUARDED_AVAILABILITY = YES_AGGRESSIVE;
				CLANG_WARN_UNREACHABLE_CODE = YES;
				CLANG_WARN__DUPLICATE_METHOD_MATCH = YES;
				COPY_PHASE_STRIP = NO;
				DEBUG_INFORMATION_FORMAT = "dwarf-with-dsym";
				ENABLE_NS_ASSERTIONS = NO;
				ENABLE_STRICT_OBJC_MSGSEND = YES;
				GCC_C_LANGUAGE_STANDARD = gnu11;
				GCC_NO_COMMON_BLOCKS = YES;
				GCC_WARN_64_TO_32_BIT_CONVERSION = YES;
				GCC_WARN_ABOUT_RETURN_TYPE = YES_ERROR;
				GCC_WARN_UNDECLARED_SELECTOR = YES;
				GCC_WARN_UNINITIALIZED_AUTOS = YES_AGGRESSIVE;
				GCC_WARN_UNUSED_FUNCTION = YES;
				GCC_WARN_UNUSED_VARIABLE = YES;
				IPHONEOS_DEPLOYMENT_TARGET = 13.0;
				MTL_ENABLE_DEBUG_INFO = NO;
				MTL_FAST_MATH = YES;
				SDKROOT = iphoneos;
				SWIFT_COMPILATION_MODE = wholemodule;
				SWIFT_OPTIMIZATION_LEVEL = "-O";
				VALIDATE_PRODUCT = YES;
			};
			name = Release;
		};
		9F42B77327A005900032C012 /* Debug */ = {
			isa = XCBuildConfiguration;
			buildSettings = {
				ASSETCATALOG_COMPILER_APPICON_NAME = AppIcon;
				ASSETCATALOG_COMPILER_GLOBAL_ACCENT_COLOR_NAME = AccentColor;
				CODE_SIGN_STYLE = Automatic;
				CURRENT_PROJECT_VERSION = 1;
				GENERATE_INFOPLIST_FILE = YES;
				INFOPLIST_FILE = ConnectFour/Info.plist;
				INFOPLIST_KEY_CFBundleDisplayName = Connect4;
				INFOPLIST_KEY_UIApplicationSupportsIndirectInputEvents = YES;
				INFOPLIST_KEY_UILaunchStoryboardName = LaunchScreen;
				INFOPLIST_KEY_UISupportedInterfaceOrientations = UIInterfaceOrientationPortrait;
				INFOPLIST_KEY_UISupportedInterfaceOrientations_iPad = "UIInterfaceOrientationPortrait UIInterfaceOrientationPortraitUpsideDown UIInterfaceOrientationLandscapeLeft UIInterfaceOrientationLandscapeRight";
				INFOPLIST_KEY_UISupportedInterfaceOrientations_iPhone = "UIInterfaceOrientationPortrait UIInterfaceOrientationLandscapeLeft UIInterfaceOrientationLandscapeRight";
				LD_RUNPATH_SEARCH_PATHS = (
					"$(inherited)",
					"@executable_path/Frameworks",
				);
				MARKETING_VERSION = 1.0;
				PRODUCT_BUNDLE_IDENTIFIER = com.cristhianleonli.ConnectFour;
				PRODUCT_NAME = "$(TARGET_NAME)";
				SWIFT_EMIT_LOC_STRINGS = YES;
				SWIFT_VERSION = 5.0;
				TARGETED_DEVICE_FAMILY = 1;
			};
			name = Debug;
		};
		9F42B77427A005900032C012 /* Release */ = {
			isa = XCBuildConfiguration;
			buildSettings = {
				ASSETCATALOG_COMPILER_APPICON_NAME = AppIcon;
				ASSETCATALOG_COMPILER_GLOBAL_ACCENT_COLOR_NAME = AccentColor;
				CODE_SIGN_STYLE = Automatic;
				CURRENT_PROJECT_VERSION = 1;
				GENERATE_INFOPLIST_FILE = YES;
				INFOPLIST_FILE = ConnectFour/Info.plist;
				INFOPLIST_KEY_CFBundleDisplayName = Connect4;
				INFOPLIST_KEY_UIApplicationSupportsIndirectInputEvents = YES;
				INFOPLIST_KEY_UILaunchStoryboardName = LaunchScreen;
				INFOPLIST_KEY_UISupportedInterfaceOrientations = UIInterfaceOrientationPortrait;
				INFOPLIST_KEY_UISupportedInterfaceOrientations_iPad = "UIInterfaceOrientationPortrait UIInterfaceOrientationPortraitUpsideDown UIInterfaceOrientationLandscapeLeft UIInterfaceOrientationLandscapeRight";
				INFOPLIST_KEY_UISupportedInterfaceOrientations_iPhone = "UIInterfaceOrientationPortrait UIInterfaceOrientationLandscapeLeft UIInterfaceOrientationLandscapeRight";
				LD_RUNPATH_SEARCH_PATHS = (
					"$(inherited)",
					"@executable_path/Frameworks",
				);
				MARKETING_VERSION = 1.0;
				PRODUCT_BUNDLE_IDENTIFIER = com.cristhianleonli.ConnectFour;
				PRODUCT_NAME = "$(TARGET_NAME)";
				SWIFT_EMIT_LOC_STRINGS = YES;
				SWIFT_VERSION = 5.0;
				TARGETED_DEVICE_FAMILY = 1;
			};
			name = Release;
		};
		9F42B77627A005900032C012 /* Debug */ = {
			isa = XCBuildConfiguration;
			buildSettings = {
				ALWAYS_EMBED_SWIFT_STANDARD_LIBRARIES = YES;
				BUNDLE_LOADER = "$(TEST_HOST)";
				CODE_SIGN_STYLE = Automatic;
				CURRENT_PROJECT_VERSION = 1;
				GENERATE_INFOPLIST_FILE = YES;
				IPHONEOS_DEPLOYMENT_TARGET = 15.2;
				MARKETING_VERSION = 1.0;
				PRODUCT_BUNDLE_IDENTIFIER = com.cristhianleonli.ConnectFourTests;
				PRODUCT_NAME = "$(TARGET_NAME)";
				SWIFT_EMIT_LOC_STRINGS = NO;
				SWIFT_VERSION = 5.0;
				TARGETED_DEVICE_FAMILY = "1,2";
				TEST_HOST = "$(BUILT_PRODUCTS_DIR)/ConnectFour.app/ConnectFour";
			};
			name = Debug;
		};
		9F42B77727A005900032C012 /* Release */ = {
			isa = XCBuildConfiguration;
			buildSettings = {
				ALWAYS_EMBED_SWIFT_STANDARD_LIBRARIES = YES;
				BUNDLE_LOADER = "$(TEST_HOST)";
				CODE_SIGN_STYLE = Automatic;
				CURRENT_PROJECT_VERSION = 1;
				GENERATE_INFOPLIST_FILE = YES;
				IPHONEOS_DEPLOYMENT_TARGET = 15.2;
				MARKETING_VERSION = 1.0;
				PRODUCT_BUNDLE_IDENTIFIER = com.cristhianleonli.ConnectFourTests;
				PRODUCT_NAME = "$(TARGET_NAME)";
				SWIFT_EMIT_LOC_STRINGS = NO;
				SWIFT_VERSION = 5.0;
				TARGETED_DEVICE_FAMILY = "1,2";
				TEST_HOST = "$(BUILT_PRODUCTS_DIR)/ConnectFour.app/ConnectFour";
			};
			name = Release;
		};
/* End XCBuildConfiguration section */

/* Begin XCConfigurationList section */
		9F42B74327A0058D0032C012 /* Build configuration list for PBXProject "ConnectFour" */ = {
			isa = XCConfigurationList;
			buildConfigurations = (
				9F42B77027A005900032C012 /* Debug */,
				9F42B77127A005900032C012 /* Release */,
			);
			defaultConfigurationIsVisible = 0;
			defaultConfigurationName = Release;
		};
		9F42B77227A005900032C012 /* Build configuration list for PBXNativeTarget "ConnectFour" */ = {
			isa = XCConfigurationList;
			buildConfigurations = (
				9F42B77327A005900032C012 /* Debug */,
				9F42B77427A005900032C012 /* Release */,
			);
			defaultConfigurationIsVisible = 0;
			defaultConfigurationName = Release;
		};
		9F42B77527A005900032C012 /* Build configuration list for PBXNativeTarget "ConnectFourTests" */ = {
			isa = XCConfigurationList;
			buildConfigurations = (
				9F42B77627A005900032C012 /* Debug */,
				9F42B77727A005900032C012 /* Release */,
			);
			defaultConfigurationIsVisible = 0;
			defaultConfigurationName = Release;
		};
/* End XCConfigurationList section */
	};
	rootObject = 9F42B74027A0058D0032C012 /* Project object */;
}
